
Microsoft Visual Studio Solution File, Format Version 12.00
# Visual Studio Version 16
VisualStudioVersion = 16.0.29306.81
MinimumVisualStudioVersion = 10.0.40219.1
Project("{FAE04EC0-301F-11D3-BF4B-00C04F79EFBC}") = "DepositApp", "DepositApp\DepositApp.csproj", "{01635BD6-F639-48EB-BF42-374C90C9656B}"
EndProject
Global
	GlobalSection(SolutionConfigurationPlatforms) = preSolution
		Debug|Any CPU = Debug|Any CPU
		Release|Any CPU = Release|Any CPU
	EndGlobalSection
	GlobalSection(ProjectConfigurationPlatforms) = postSolution
		{01635BD6-F639-48EB-BF42-374C90C9656B}.Debug|Any CPU.ActiveCfg = Debug|Any CPU
		{01635BD6-F639-48EB-BF42-374C90C9656B}.Debug|Any CPU.Build.0 = Debug|Any CPU
		{01635BD6-F639-48EB-BF42-374C90C9656B}.Release|Any CPU.ActiveCfg = Release|Any CPU
		{01635BD6-F639-48EB-BF42-374C90C9656B}.Release|Any CPU.Build.0 = Release|Any CPU
	EndGlobalSection
	GlobalSection(SolutionProperties) = preSolution
		HideSolutionNode = FALSE
	EndGlobalSection
	GlobalSection(ExtensibilityGlobals) = postSolution
		SolutionGuid = {41D39314-41A6-46B6-876B-5CCDB0AA9C6D}
	EndGlobalSection
EndGlobal
